
Microsoft Visual Studio Solution File, Format Version 12.00
# Visual Studio Version 16
VisualStudioVersion = 16.0.31624.102
MinimumVisualStudioVersion = 10.0.40219.1
Project("{FAE04EC0-301F-11D3-BF4B-00C04F79EFBC}") = "WindowsService1", "WindowsService1\WindowsService1.csproj", "{0F5B3090-D17B-4748-93BB-8DA7EAD770E6}"
EndProject
Global
	GlobalSection(SolutionConfigurationPlatforms) = preSolution
		Debug|Any CPU = Debug|Any CPU
		Release|Any CPU = Release|Any CPU
	EndGlobalSection
	GlobalSection(ProjectConfigurationPlatforms) = postSolution
		{0F5B3090-D17B-4748-93BB-8DA7EAD770E6}.Debug|Any CPU.ActiveCfg = Debug|Any CPU
		{0F5B3090-D17B-4748-93BB-8DA7EAD770E6}.Debug|Any CPU.Build.0 = Debug|Any CPU
		{0F5B3090-D17B-4748-93BB-8DA7EAD770E6}.Release|Any CPU.ActiveCfg = Release|Any CPU
		{0F5B3090-D17B-4748-93BB-8DA7EAD770E6}.Release|Any CPU.Build.0 = Release|Any CPU
	EndGlobalSection
	GlobalSection(SolutionProperties) = preSolution
		HideSolutionNode = FALSE
	EndGlobalSection
	GlobalSection(ExtensibilityGlobals) = postSolution
		SolutionGuid = {6F18BB02-43E7-4F7F-80C2-580097DB136C}
	EndGlobalSection
EndGlobal
